
Microsoft Visual Studio Solution File, Format Version 12.00
# Visual Studio Version 16
VisualStudioVersion = 16.0.30611.23
MinimumVisualStudioVersion = 10.0.40219.1
Project("{FAE04EC0-301F-11D3-BF4B-00C04F79EFBC}") = "ClientProxy-P4-20180140098_Form", "ClientProxy-P4-20180140098_Form\ClientProxy-P4-20180140098_Form.csproj", "{8A96F434-A77D-4C2D-9B3F-F217024884A6}"
EndProject
Global
	GlobalSection(SolutionConfigurationPlatforms) = preSolution
		Debug|Any CPU = Debug|Any CPU
		Release|Any CPU = Release|Any CPU
	EndGlobalSection
	GlobalSection(ProjectConfigurationPlatforms) = postSolution
		{8A96F434-A77D-4C2D-9B3F-F217024884A6}.Debug|Any CPU.ActiveCfg = Debug|Any CPU
		{8A96F434-A77D-4C2D-9B3F-F217024884A6}.Debug|Any CPU.Build.0 = Debug|Any CPU
		{8A96F434-A77D-4C2D-9B3F-F217024884A6}.Release|Any CPU.ActiveCfg = Release|Any CPU
		{8A96F434-A77D-4C2D-9B3F-F217024884A6}.Release|Any CPU.Build.0 = Release|Any CPU
	EndGlobalSection
	GlobalSection(SolutionProperties) = preSolution
		HideSolutionNode = FALSE
	EndGlobalSection
	GlobalSection(ExtensibilityGlobals) = postSolution
		SolutionGuid = {0806463B-9E1F-4D9D-AB3C-077EF5922630}
	EndGlobalSection
EndGlobal
